
Microsoft Visual Studio Solution File, Format Version 12.00
# Visual Studio Version 17
VisualStudioVersion = 17.0.31903.59
MinimumVisualStudioVersion = 10.0.40219.1
Project("{FAE04EC0-301F-11D3-BF4B-00C04F79EFBC}") = "ClickNEat.API", "ClickNEat.API\ClickNEat.API.csproj", "{AC2955E3-2B33-4127-84EE-A67D46F7E6AE}"
EndProject
Project("{FAE04EC0-301F-11D3-BF4B-00C04F79EFBC}") = "ClickNEat.Core", "ClickNEat.Core\ClickNEat.Core.csproj", "{81CF8185-0409-4F52-BE83-59E468A00BCE}"
EndProject
Project("{FAE04EC0-301F-11D3-BF4B-00C04F79EFBC}") = "ClickNEat.Tests", "ClickNEat.Tests\ClickNEat.Tests.csproj", "{2CA69CEF-EF17-4266-AD1B-99EB8600F6C5}"
EndProject
Global
	GlobalSection(SolutionConfigurationPlatforms) = preSolution
		Debug|Any CPU = Debug|Any CPU
		Debug|x64 = Debug|x64
		Debug|x86 = Debug|x86
		Release|Any CPU = Release|Any CPU
		Release|x64 = Release|x64
		Release|x86 = Release|x86
	EndGlobalSection
	GlobalSection(ProjectConfigurationPlatforms) = postSolution
		{AC2955E3-2B33-4127-84EE-A67D46F7E6AE}.Debug|Any CPU.ActiveCfg = Debug|Any CPU
		{AC2955E3-2B33-4127-84EE-A67D46F7E6AE}.Debug|Any CPU.Build.0 = Debug|Any CPU
		{AC2955E3-2B33-4127-84EE-A67D46F7E6AE}.Debug|x64.ActiveCfg = Debug|Any CPU
		{AC2955E3-2B33-4127-84EE-A67D46F7E6AE}.Debug|x64.Build.0 = Debug|Any CPU
		{AC2955E3-2B33-4127-84EE-A67D46F7E6AE}.Debug|x86.ActiveCfg = Debug|Any CPU
		{AC2955E3-2B33-4127-84EE-A67D46F7E6AE}.Debug|x86.Build.0 = Debug|Any CPU
		{AC2955E3-2B33-4127-84EE-A67D46F7E6AE}.Release|Any CPU.ActiveCfg = Release|Any CPU
		{AC2955E3-2B33-4127-84EE-A67D46F7E6AE}.Release|Any CPU.Build.0 = Release|Any CPU
		{AC2955E3-2B33-4127-84EE-A67D46F7E6AE}.Release|x64.ActiveCfg = Release|Any CPU
		{AC2955E3-2B33-4127-84EE-A67D46F7E6AE}.Release|x64.Build.0 = Release|Any CPU
		{AC2955E3-2B33-4127-84EE-A67D46F7E6AE}.Release|x86.ActiveCfg = Release|Any CPU
		{AC2955E3-2B33-4127-84EE-A67D46F7E6AE}.Release|x86.Build.0 = Release|Any CPU
		{81CF8185-0409-4F52-BE83-59E468A00BCE}.Debug|Any CPU.ActiveCfg = Debug|Any CPU
		{81CF8185-0409-4F52-BE83-59E468A00BCE}.Debug|Any CPU.Build.0 = Debug|Any CPU
		{81CF8185-0409-4F52-BE83-59E468A00BCE}.Debug|x64.ActiveCfg = Debug|Any CPU
		{81CF8185-0409-4F52-BE83-59E468A00BCE}.Debug|x64.Build.0 = Debug|Any CPU
		{81CF8185-0409-4F52-BE83-59E468A00BCE}.Debug|x86.ActiveCfg = Debug|Any CPU
		{81CF8185-0409-4F52-BE83-59E468A00BCE}.Debug|x86.Build.0 = Debug|Any CPU
		{81CF8185-0409-4F52-BE83-59E468A00BCE}.Release|Any CPU.ActiveCfg = Release|Any CPU
		{81CF8185-0409-4F52-BE83-59E468A00BCE}.Release|Any CPU.Build.0 = Release|Any CPU
		{81CF8185-0409-4F52-BE83-59E468A00BCE}.Release|x64.ActiveCfg = Release|Any CPU
		{81CF8185-0409-4F52-BE83-59E468A00BCE}.Release|x64.Build.0 = Release|Any CPU
		{81CF8185-0409-4F52-BE83-59E468A00BCE}.Release|x86.ActiveCfg = Release|Any CPU
		{81CF8185-0409-4F52-BE83-59E468A00BCE}.Release|x86.Build.0 = Release|Any CPU
		{2CA69CEF-EF17-4266-AD1B-99EB8600F6C5}.Debug|Any CPU.ActiveCfg = Debug|Any CPU
		{2CA69CEF-EF17-4266-AD1B-99EB8600F6C5}.Debug|Any CPU.Build.0 = Debug|Any CPU
		{2CA69CEF-EF17-4266-AD1B-99EB8600F6C5}.Debug|x64.ActiveCfg = Debug|Any CPU
		{2CA69CEF-EF17-4266-AD1B-99EB8600F6C5}.Debug|x64.Build.0 = Debug|Any CPU
		{2CA69CEF-EF17-4266-AD1B-99EB8600F6C5}.Debug|x86.ActiveCfg = Debug|Any CPU
		{2CA69CEF-EF17-4266-AD1B-99EB8600F6C5}.Debug|x86.Build.0 = Debug|Any CPU
		{2CA69CEF-EF17-4266-AD1B-99EB8600F6C5}.Release|Any CPU.ActiveCfg = Release|Any CPU
		{2CA69CEF-EF17-4266-AD1B-99EB8600F6C5}.Release|Any CPU.Build.0 = Release|Any CPU
		{2CA69CEF-EF17-4266-AD1B-99EB8600F6C5}.Release|x64.ActiveCfg = Release|Any CPU
		{2CA69CEF-EF17-4266-AD1B-99EB8600F6C5}.Release|x64.Build.0 = Release|Any CPU
		{2CA69CEF-EF17-4266-AD1B-99EB8600F6C5}.Release|x86.ActiveCfg = Release|Any CPU
		{2CA69CEF-EF17-4266-AD1B-99EB8600F6C5}.Release|x86.Build.0 = Release|Any CPU
	EndGlobalSection
	GlobalSection(SolutionProperties) = preSolution
		HideSolutionNode = FALSE
	EndGlobalSection
EndGlobal
